
Microsoft Visual Studio Solution File, Format Version 12.00
# Visual Studio Version 16
VisualStudioVersion = 16.0.30320.27
MinimumVisualStudioVersion = 10.0.40219.1
Project("{9A19103F-16F7-4668-BE54-9A1E7A4F7556}") = "CursoMVC", "CursoMVC\CursoMVC.csproj", "{B834480A-87D8-4CA7-8FA6-B76CE99878D8}"
EndProject
Project("{FAE04EC0-301F-11D3-BF4B-00C04F79EFBC}") = "CursoAPI", "CursoAPI\CursoAPI.csproj", "{3398A58F-286B-42F1-B7F7-58936292CA1C}"
EndProject
Global
	GlobalSection(SolutionConfigurationPlatforms) = preSolution
		Debug|Any CPU = Debug|Any CPU
		Release|Any CPU = Release|Any CPU
	EndGlobalSection
	GlobalSection(ProjectConfigurationPlatforms) = postSolution
		{B834480A-87D8-4CA7-8FA6-B76CE99878D8}.Debug|Any CPU.ActiveCfg = Debug|Any CPU
		{B834480A-87D8-4CA7-8FA6-B76CE99878D8}.Debug|Any CPU.Build.0 = Debug|Any CPU
		{B834480A-87D8-4CA7-8FA6-B76CE99878D8}.Release|Any CPU.ActiveCfg = Release|Any CPU
		{B834480A-87D8-4CA7-8FA6-B76CE99878D8}.Release|Any CPU.Build.0 = Release|Any CPU
		{3398A58F-286B-42F1-B7F7-58936292CA1C}.Debug|Any CPU.ActiveCfg = Debug|Any CPU
		{3398A58F-286B-42F1-B7F7-58936292CA1C}.Debug|Any CPU.Build.0 = Debug|Any CPU
		{3398A58F-286B-42F1-B7F7-58936292CA1C}.Release|Any CPU.ActiveCfg = Release|Any CPU
		{3398A58F-286B-42F1-B7F7-58936292CA1C}.Release|Any CPU.Build.0 = Release|Any CPU
	EndGlobalSection
	GlobalSection(SolutionProperties) = preSolution
		HideSolutionNode = FALSE
	EndGlobalSection
	GlobalSection(ExtensibilityGlobals) = postSolution
		SolutionGuid = {43F3043E-2CDC-46B6-9502-18295938ADA0}
	EndGlobalSection
EndGlobal
